
Microsoft Visual Studio Solution File, Format Version 12.00
# Visual Studio Version 17
VisualStudioVersion = 17.13.35931.197
MinimumVisualStudioVersion = 10.0.40219.1
Project("{8BC9CEB8-8B4A-11D0-8D11-00A0C91BC942}") = "Cpp Practice", "Cpp Practice\Cpp Practice.vcxproj", "{FFC472A8-4BA5-48BA-BB40-08F1A7EB836A}"
EndProject
Project("{8BC9CEB8-8B4A-11D0-8D11-00A0C91BC942}") = "tommorow_day", "Projects\tommorow_day\tommorow_day.vcxproj", "{968D7EA8-841D-4CED-9EE2-B19714648BFC}"
EndProject
Project("{8BC9CEB8-8B4A-11D0-8D11-00A0C91BC942}") = "shooting", "Projects\shooting\shooting.vcxproj", "{BC280FE6-EAA1-4C32-8822-D687C03C105A}"
EndProject
Project("{8BC9CEB8-8B4A-11D0-8D11-00A0C91BC942}") = "CardMemory", "Projects\CardMemory\CardMemory.vcxproj", "{EA85A57C-497B-44A6-9DA5-CA5E829250E4}"
EndProject
Global
	GlobalSection(SolutionConfigurationPlatforms) = preSolution
		Debug|x64 = Debug|x64
		Debug|x86 = Debug|x86
		Release|x64 = Release|x64
		Release|x86 = Release|x86
	EndGlobalSection
	GlobalSection(ProjectConfigurationPlatforms) = postSolution
		{FFC472A8-4BA5-48BA-BB40-08F1A7EB836A}.Debug|x64.ActiveCfg = Debug|x64
		{FFC472A8-4BA5-48BA-BB40-08F1A7EB836A}.Debug|x64.Build.0 = Debug|x64
		{FFC472A8-4BA5-48BA-BB40-08F1A7EB836A}.Debug|x86.ActiveCfg = Debug|Win32
		{FFC472A8-4BA5-48BA-BB40-08F1A7EB836A}.Debug|x86.Build.0 = Debug|Win32
		{FFC472A8-4BA5-48BA-BB40-08F1A7EB836A}.Release|x64.ActiveCfg = Release|x64
		{FFC472A8-4BA5-48BA-BB40-08F1A7EB836A}.Release|x64.Build.0 = Release|x64
		{FFC472A8-4BA5-48BA-BB40-08F1A7EB836A}.Release|x86.ActiveCfg = Release|Win32
		{FFC472A8-4BA5-48BA-BB40-08F1A7EB836A}.Release|x86.Build.0 = Release|Win32
		{968D7EA8-841D-4CED-9EE2-B19714648BFC}.Debug|x64.ActiveCfg = Debug|x64
		{968D7EA8-841D-4CED-9EE2-B19714648BFC}.Debug|x64.Build.0 = Debug|x64
		{968D7EA8-841D-4CED-9EE2-B19714648BFC}.Debug|x86.ActiveCfg = Debug|Win32
		{968D7EA8-841D-4CED-9EE2-B19714648BFC}.Debug|x86.Build.0 = Debug|Win32
		{968D7EA8-841D-4CED-9EE2-B19714648BFC}.Release|x64.ActiveCfg = Release|x64
		{968D7EA8-841D-4CED-9EE2-B19714648BFC}.Release|x64.Build.0 = Release|x64
		{968D7EA8-841D-4CED-9EE2-B19714648BFC}.Release|x86.ActiveCfg = Release|Win32
		{968D7EA8-841D-4CED-9EE2-B19714648BFC}.Release|x86.Build.0 = Release|Win32
		{BC280FE6-EAA1-4C32-8822-D687C03C105A}.Debug|x64.ActiveCfg = Debug|x64
		{BC280FE6-EAA1-4C32-8822-D687C03C105A}.Debug|x64.Build.0 = Debug|x64
		{BC280FE6-EAA1-4C32-8822-D687C03C105A}.Debug|x86.ActiveCfg = Debug|Win32
		{BC280FE6-EAA1-4C32-8822-D687C03C105A}.Debug|x86.Build.0 = Debug|Win32
		{BC280FE6-EAA1-4C32-8822-D687C03C105A}.Release|x64.ActiveCfg = Release|x64
		{BC280FE6-EAA1-4C32-8822-D687C03C105A}.Release|x64.Build.0 = Release|x64
		{BC280FE6-EAA1-4C32-8822-D687C03C105A}.Release|x86.ActiveCfg = Release|Win32
		{BC280FE6-EAA1-4C32-8822-D687C03C105A}.Release|x86.Build.0 = Release|Win32
		{EA85A57C-497B-44A6-9DA5-CA5E829250E4}.Debug|x64.ActiveCfg = Debug|x64
		{EA85A57C-497B-44A6-9DA5-CA5E829250E4}.Debug|x64.Build.0 = Debug|x64
		{EA85A57C-497B-44A6-9DA5-CA5E829250E4}.Debug|x86.ActiveCfg = Debug|Win32
		{EA85A57C-497B-44A6-9DA5-CA5E829250E4}.Debug|x86.Build.0 = Debug|Win32
		{EA85A57C-497B-44A6-9DA5-CA5E829250E4}.Release|x64.ActiveCfg = Release|x64
		{EA85A57C-497B-44A6-9DA5-CA5E829250E4}.Release|x64.Build.0 = Release|x64
		{EA85A57C-497B-44A6-9DA5-CA5E829250E4}.Release|x86.ActiveCfg = Release|Win32
		{EA85A57C-497B-44A6-9DA5-CA5E829250E4}.Release|x86.Build.0 = Release|Win32
	EndGlobalSection
	GlobalSection(SolutionProperties) = preSolution
		HideSolutionNode = FALSE
	EndGlobalSection
	GlobalSection(ExtensibilityGlobals) = postSolution
		SolutionGuid = {81456B41-B67D-483E-B5E2-D1ED07C2CFB6}
	EndGlobalSection
EndGlobal
